<Solution>
  <Folder Name="/Solution Items/">
    <File Path=".editorconfig" />
    <File Path="Directory.Build.props" />
    <File Path="LICENSE" />
    <File Path="README.md" />
    <File Path="version.json" />
  </Folder>
  <Folder Name="/Solution Items/.github/">
    <File Path=".github/dependabot.yml" />
  </Folder>
  <Folder Name="/Solution Items/.github/workflows/">
    <File Path=".github/workflows/ci-build.yml" />
  </Folder>
  <Project Path="RxSerialPort.Tests/RxSerialPort.Tests.csproj" />
  <Project Path="RxSerialPort/RxSerialPort.csproj" />
</Solution>
